
Microsoft Visual Studio Solution File, Format Version 12.00
# Visual Studio 15
VisualStudioVersion = 15.0.26730.12
MinimumVisualStudioVersion = 10.0.40219.1
Project("{FAE04EC0-301F-11D3-BF4B-00C04F79EFBC}") = "D.Util", "D.Util\D.Util.csproj", "{573803C2-538A-4ED1-8A98-D990DCB83B9E}"
EndProject
Project("{FAE04EC0-301F-11D3-BF4B-00C04F79EFBC}") = "D.Util.Config.Json", "D.Util.Config.Json\D.Util.Config.Json.csproj", "{B630971F-301D-43D2-B22A-434F98A15918}"
EndProject
Project("{FAE04EC0-301F-11D3-BF4B-00C04F79EFBC}") = "D.Util.Logger.Log4net", "D.Util.Logger.Log4net\D.Util.Logger.Log4net.csproj", "{B0B9B1A2-A984-497F-B03F-5810451B06C9}"
EndProject
Project("{FAE04EC0-301F-11D3-BF4B-00C04F79EFBC}") = "D.Util.Results", "D.Util.Result\D.Util.Results.csproj", "{482B4C76-6AE1-46B7-8EC8-CC62CC525F63}"
EndProject
Project("{FAE04EC0-301F-11D3-BF4B-00C04F79EFBC}") = "D.Util.Test", "D.Util.Test\D.Util.Test.csproj", "{BEC59D8F-D936-4908-ABF2-24A296FB3B2D}"
EndProject
Project("{FAE04EC0-301F-11D3-BF4B-00C04F79EFBC}") = "D.Util.Web", "D.Util.Web\D.Util.Web.csproj", "{D6F61554-7F08-486F-80CC-2015D0B40610}"
EndProject
Project("{2150E333-8FDC-42A3-9474-1A3956D46DE8}") = "Src", "Src", "{52EB7E33-777E-49B4-92EA-1F35724CB7DE}"
EndProject
Project("{2150E333-8FDC-42A3-9474-1A3956D46DE8}") = "Example", "Example", "{3DACD5D7-61D0-4259-ABCE-2817FD2DF446}"
EndProject
Project("{2150E333-8FDC-42A3-9474-1A3956D46DE8}") = "Test", "Test", "{CFC10F22-7CCB-4761-ACD3-CDF07777E5F0}"
EndProject
Project("{FAE04EC0-301F-11D3-BF4B-00C04F79EFBC}") = "Example.Logger.Console", "Example.Logger.Console\Example.Logger.Console.csproj", "{9FBC8625-77E6-40E9-AA7F-E24A6C73ECC8}"
EndProject
Project("{FAE04EC0-301F-11D3-BF4B-00C04F79EFBC}") = "D.Utils.AutofacExt", "D.Utils.AutofacExt\D.Utils.AutofacExt.csproj", "{7405BA78-453A-4F08-A45A-760C058681BF}"
EndProject
Global
	GlobalSection(SolutionConfigurationPlatforms) = preSolution
		Debug|Any CPU = Debug|Any CPU
		Release|Any CPU = Release|Any CPU
	EndGlobalSection
	GlobalSection(ProjectConfigurationPlatforms) = postSolution
		{573803C2-538A-4ED1-8A98-D990DCB83B9E}.Debug|Any CPU.ActiveCfg = Debug|Any CPU
		{573803C2-538A-4ED1-8A98-D990DCB83B9E}.Debug|Any CPU.Build.0 = Debug|Any CPU
		{573803C2-538A-4ED1-8A98-D990DCB83B9E}.Release|Any CPU.ActiveCfg = Release|Any CPU
		{573803C2-538A-4ED1-8A98-D990DCB83B9E}.Release|Any CPU.Build.0 = Release|Any CPU
		{B630971F-301D-43D2-B22A-434F98A15918}.Debug|Any CPU.ActiveCfg = Debug|Any CPU
		{B630971F-301D-43D2-B22A-434F98A15918}.Debug|Any CPU.Build.0 = Debug|Any CPU
		{B630971F-301D-43D2-B22A-434F98A15918}.Release|Any CPU.ActiveCfg = Release|Any CPU
		{B630971F-301D-43D2-B22A-434F98A15918}.Release|Any CPU.Build.0 = Release|Any CPU
		{B0B9B1A2-A984-497F-B03F-5810451B06C9}.Debug|Any CPU.ActiveCfg = Debug|Any CPU
		{B0B9B1A2-A984-497F-B03F-5810451B06C9}.Debug|Any CPU.Build.0 = Debug|Any CPU
		{B0B9B1A2-A984-497F-B03F-5810451B06C9}.Release|Any CPU.ActiveCfg = Release|Any CPU
		{B0B9B1A2-A984-497F-B03F-5810451B06C9}.Release|Any CPU.Build.0 = Release|Any CPU
		{482B4C76-6AE1-46B7-8EC8-CC62CC525F63}.Debug|Any CPU.ActiveCfg = Debug|Any CPU
		{482B4C76-6AE1-46B7-8EC8-CC62CC525F63}.Debug|Any CPU.Build.0 = Debug|Any CPU
		{482B4C76-6AE1-46B7-8EC8-CC62CC525F63}.Release|Any CPU.ActiveCfg = Release|Any CPU
		{482B4C76-6AE1-46B7-8EC8-CC62CC525F63}.Release|Any CPU.Build.0 = Release|Any CPU
		{BEC59D8F-D936-4908-ABF2-24A296FB3B2D}.Debug|Any CPU.ActiveCfg = Debug|Any CPU
		{BEC59D8F-D936-4908-ABF2-24A296FB3B2D}.Debug|Any CPU.Build.0 = Debug|Any CPU
		{BEC59D8F-D936-4908-ABF2-24A296FB3B2D}.Release|Any CPU.ActiveCfg = Release|Any CPU
		{BEC59D8F-D936-4908-ABF2-24A296FB3B2D}.Release|Any CPU.Build.0 = Release|Any CPU
		{D6F61554-7F08-486F-80CC-2015D0B40610}.Debug|Any CPU.ActiveCfg = Debug|Any CPU
		{D6F61554-7F08-486F-80CC-2015D0B40610}.Debug|Any CPU.Build.0 = Debug|Any CPU
		{D6F61554-7F08-486F-80CC-2015D0B40610}.Release|Any CPU.ActiveCfg = Release|Any CPU
		{D6F61554-7F08-486F-80CC-2015D0B40610}.Release|Any CPU.Build.0 = Release|Any CPU
		{9FBC8625-77E6-40E9-AA7F-E24A6C73ECC8}.Debug|Any CPU.ActiveCfg = Debug|Any CPU
		{9FBC8625-77E6-40E9-AA7F-E24A6C73ECC8}.Debug|Any CPU.Build.0 = Debug|Any CPU
		{9FBC8625-77E6-40E9-AA7F-E24A6C73ECC8}.Release|Any CPU.ActiveCfg = Release|Any CPU
		{9FBC8625-77E6-40E9-AA7F-E24A6C73ECC8}.Release|Any CPU.Build.0 = Release|Any CPU
		{7405BA78-453A-4F08-A45A-760C058681BF}.Debug|Any CPU.ActiveCfg = Debug|Any CPU
		{7405BA78-453A-4F08-A45A-760C058681BF}.Debug|Any CPU.Build.0 = Debug|Any CPU
		{7405BA78-453A-4F08-A45A-760C058681BF}.Release|Any CPU.ActiveCfg = Release|Any CPU
		{7405BA78-453A-4F08-A45A-760C058681BF}.Release|Any CPU.Build.0 = Release|Any CPU
	EndGlobalSection
	GlobalSection(SolutionProperties) = preSolution
		HideSolutionNode = FALSE
	EndGlobalSection
	GlobalSection(NestedProjects) = preSolution
		{573803C2-538A-4ED1-8A98-D990DCB83B9E} = {52EB7E33-777E-49B4-92EA-1F35724CB7DE}
		{B630971F-301D-43D2-B22A-434F98A15918} = {52EB7E33-777E-49B4-92EA-1F35724CB7DE}
		{B0B9B1A2-A984-497F-B03F-5810451B06C9} = {52EB7E33-777E-49B4-92EA-1F35724CB7DE}
		{482B4C76-6AE1-46B7-8EC8-CC62CC525F63} = {52EB7E33-777E-49B4-92EA-1F35724CB7DE}
		{BEC59D8F-D936-4908-ABF2-24A296FB3B2D} = {CFC10F22-7CCB-4761-ACD3-CDF07777E5F0}
		{D6F61554-7F08-486F-80CC-2015D0B40610} = {52EB7E33-777E-49B4-92EA-1F35724CB7DE}
		{9FBC8625-77E6-40E9-AA7F-E24A6C73ECC8} = {3DACD5D7-61D0-4259-ABCE-2817FD2DF446}
		{7405BA78-453A-4F08-A45A-760C058681BF} = {52EB7E33-777E-49B4-92EA-1F35724CB7DE}
	EndGlobalSection
	GlobalSection(ExtensibilityGlobals) = postSolution
		SolutionGuid = {0B187AFF-767B-45FA-A3BC-9AB7785EE2B9}
	EndGlobalSection
EndGlobal
